
Microsoft Visual Studio Solution File, Format Version 12.00
# Visual Studio Version 16
VisualStudioVersion = 16.0.30709.132
MinimumVisualStudioVersion = 10.0.40219.1
Project("{FAE04EC0-301F-11D3-BF4B-00C04F79EFBC}") = "tests", "tests\tests.csproj", "{54870141-2E67-478E-B54F-7523B9F59694}"
EndProject
Global
	GlobalSection(SolutionConfigurationPlatforms) = preSolution
		Debug|Any CPU = Debug|Any CPU
		Release|Any CPU = Release|Any CPU
	EndGlobalSection
	GlobalSection(ProjectConfigurationPlatforms) = postSolution
		{54870141-2E67-478E-B54F-7523B9F59694}.Debug|Any CPU.ActiveCfg = Debug|Any CPU
		{54870141-2E67-478E-B54F-7523B9F59694}.Debug|Any CPU.Build.0 = Debug|Any CPU
		{54870141-2E67-478E-B54F-7523B9F59694}.Release|Any CPU.ActiveCfg = Release|Any CPU
		{54870141-2E67-478E-B54F-7523B9F59694}.Release|Any CPU.Build.0 = Release|Any CPU
	EndGlobalSection
	GlobalSection(SolutionProperties) = preSolution
		HideSolutionNode = FALSE
	EndGlobalSection
	GlobalSection(ExtensibilityGlobals) = postSolution
		SolutionGuid = {C4D51090-8FF5-46AC-920C-E54F6B4E30B1}
	EndGlobalSection
EndGlobal
